// !$*UTF8*$!
{
	archiveVersion = 1;
	classes = {
	};
	objectVersion = 55;
	objects = {

/* Begin PBXBuildFile section */
		9D4F9B7F28A3ECE10095F9BD /* CircularImageView.swift in Sources */ = {isa = PBXBuildFile; fileRef = 9D4F9B7E28A3ECE10095F9BD /* CircularImageView.swift */; };
		9D4F9B8128A3EE550095F9BD /* HeroView.swift in Sources */ = {isa = PBXBuildFile; fileRef = 9D4F9B8028A3EE550095F9BD /* HeroView.swift */; };
		9DA96B6F28A55FEC0000F0E8 /* WidgetKit.framework in Frameworks */ = {isa = PBXBuildFile; fileRef = 9DA96B6E28A55FEC0000F0E8 /* WidgetKit.framework */; };
		9DA96B7128A55FEC0000F0E8 /* SwiftUI.framework in Frameworks */ = {isa = PBXBuildFile; fileRef = 9DA96B7028A55FEC0000F0E8 /* SwiftUI.framework */; };
		9DA96B7428A55FEC0000F0E8 /* HeroWidget.swift in Sources */ = {isa = PBXBuildFile; fileRef = 9DA96B7328A55FEC0000F0E8 /* HeroWidget.swift */; };
		9DA96B7728A55FEF0000F0E8 /* Assets.xcassets in Resources */ = {isa = PBXBuildFile; fileRef = 9DA96B7628A55FEF0000F0E8 /* Assets.xcassets */; };
		9DA96B7928A55FEF0000F0E8 /* HeroWidget.intentdefinition in Sources */ = {isa = PBXBuildFile; fileRef = 9DA96B7528A55FEC0000F0E8 /* HeroWidget.intentdefinition */; };
		9DA96B7A28A55FEF0000F0E8 /* HeroWidget.intentdefinition in Sources */ = {isa = PBXBuildFile; fileRef = 9DA96B7528A55FEC0000F0E8 /* HeroWidget.intentdefinition */; };
		9DA96B7D28A55FEF0000F0E8 /* HeroWidgetExtension.appex in Embed App Extensions */ = {isa = PBXBuildFile; fileRef = 9DA96B6C28A55FEC0000F0E8 /* HeroWidgetExtension.appex */; settings = {ATTRIBUTES = (RemoveHeadersOnCopy, ); }; };
		9DA96B8228A5608A0000F0E8 /* Preview Assets.xcassets in Resources */ = {isa = PBXBuildFile; fileRef = 9DCC7D5328A3E6960073F524 /* Preview Assets.xcassets */; };
		9DA96B8328A560AE0000F0E8 /* SuperHero.swift in Sources */ = {isa = PBXBuildFile; fileRef = 9DCC7D6028A3E9140073F524 /* SuperHero.swift */; };
		9DA96B8428A560B40000F0E8 /* CircularImageView.swift in Sources */ = {isa = PBXBuildFile; fileRef = 9D4F9B7E28A3ECE10095F9BD /* CircularImageView.swift */; };
		9DA96B8528A560B70000F0E8 /* HeroView.swift in Sources */ = {isa = PBXBuildFile; fileRef = 9D4F9B8028A3EE550095F9BD /* HeroView.swift */; };
		9DA96B8628A5658C0000F0E8 /* Assets.xcassets in Resources */ = {isa = PBXBuildFile; fileRef = 9DCC7D5028A3E6960073F524 /* Assets.xcassets */; };
		9DCC7D4D28A3E6930073F524 /* WidgetGetApp.swift in Sources */ = {isa = PBXBuildFile; fileRef = 9DCC7D4C28A3E6930073F524 /* WidgetGetApp.swift */; };
		9DCC7D4F28A3E6930073F524 /* ContentView.swift in Sources */ = {isa = PBXBuildFile; fileRef = 9DCC7D4E28A3E6930073F524 /* ContentView.swift */; };
		9DCC7D5128A3E6960073F524 /* Assets.xcassets in Resources */ = {isa = PBXBuildFile; fileRef = 9DCC7D5028A3E6960073F524 /* Assets.xcassets */; };
		9DCC7D5428A3E6960073F524 /* Preview Assets.xcassets in Resources */ = {isa = PBXBuildFile; fileRef = 9DCC7D5328A3E6960073F524 /* Preview Assets.xcassets */; };
		9DCC7D6128A3E9140073F524 /* SuperHero.swift in Sources */ = {isa = PBXBuildFile; fileRef = 9DCC7D6028A3E9140073F524 /* SuperHero.swift */; };
/* End PBXBuildFile section */

/* Begin PBXContainerItemProxy section */
		9DA96B7B28A55FEF0000F0E8 /* PBXContainerItemProxy */ = {
			isa = PBXContainerItemProxy;
			containerPortal = 9DCC7D4128A3E6930073F524 /* Project object */;
			proxyType = 1;
			remoteGlobalIDString = 9DA96B6B28A55FEC0000F0E8;
			remoteInfo = HeroWidgetExtension;
		};
/* End PBXContainerItemProxy section */

/* Begin PBXCopyFilesBuildPhase section */
		9DA96B8128A55FEF0000F0E8 /* Embed App Extensions */ = {
			isa = PBXCopyFilesBuildPhase;
			buildActionMask = 2147483647;
			dstPath = "";
			dstSubfolderSpec = 13;
			files = (
				9DA96B7D28A55FEF0000F0E8 /* HeroWidgetExtension.appex in Embed App Extensions */,
			);
			name = "Embed App Extensions";
			runOnlyForDeploymentPostprocessing = 0;
		};
/* End PBXCopyFilesBuildPhase section */

/* Begin PBXFileReference section */
		9D4F9B7E28A3ECE10095F9BD /* CircularImageView.swift */ = {isa = PBXFileReference; lastKnownFileType = sourcecode.swift; path = CircularImageView.swift; sourceTree = "<group>"; };
		9D4F9B8028A3EE550095F9BD /* HeroView.swift */ = {isa = PBXFileReference; lastKnownFileType = sourcecode.swift; path = HeroView.swift; sourceTree = "<group>"; };
		9DA96B6728A55AF10000F0E8 /* WidgetGet.entitlements */ = {isa = PBXFileReference; lastKnownFileType = text.plist.entitlements; path = WidgetGet.entitlements; sourceTree = "<group>"; };
		9DA96B6C28A55FEC0000F0E8 /* HeroWidgetExtension.appex */ = {isa = PBXFileReference; explicitFileType = "wrapper.app-extension"; includeInIndex = 0; path = HeroWidgetExtension.appex; sourceTree = BUILT_PRODUCTS_DIR; };
		9DA96B6E28A55FEC0000F0E8 /* WidgetKit.framework */ = {isa = PBXFileReference; lastKnownFileType = wrapper.framework; name = WidgetKit.framework; path = System/Library/Frameworks/WidgetKit.framework; sourceTree = SDKROOT; };
		9DA96B7028A55FEC0000F0E8 /* SwiftUI.framework */ = {isa = PBXFileReference; lastKnownFileType = wrapper.framework; name = SwiftUI.framework; path = System/Library/Frameworks/SwiftUI.framework; sourceTree = SDKROOT; };
		9DA96B7328A55FEC0000F0E8 /* HeroWidget.swift */ = {isa = PBXFileReference; lastKnownFileType = sourcecode.swift; path = HeroWidget.swift; sourceTree = "<group>"; };
		9DA96B7528A55FEC0000F0E8 /* HeroWidget.intentdefinition */ = {isa = PBXFileReference; lastKnownFileType = file.intentdefinition; path = HeroWidget.intentdefinition; sourceTree = "<group>"; };
		9DA96B7628A55FEF0000F0E8 /* Assets.xcassets */ = {isa = PBXFileReference; lastKnownFileType = folder.assetcatalog; path = Assets.xcassets; sourceTree = "<group>"; };
		9DA96B7828A55FEF0000F0E8 /* Info.plist */ = {isa = PBXFileReference; lastKnownFileType = text.plist.xml; path = Info.plist; sourceTree = "<group>"; };
		9DA96B8728A565D00000F0E8 /* HeroWidgetExtension.entitlements */ = {isa = PBXFileReference; lastKnownFileType = text.plist.entitlements; path = HeroWidgetExtension.entitlements; sourceTree = "<group>"; };
		9DCC7D4928A3E6930073F524 /* WidgetGet.app */ = {isa = PBXFileReference; explicitFileType = wrapper.application; includeInIndex = 0; path = WidgetGet.app; sourceTree = BUILT_PRODUCTS_DIR; };
		9DCC7D4C28A3E6930073F524 /* WidgetGetApp.swift */ = {isa = PBXFileReference; lastKnownFileType = sourcecode.swift; path = WidgetGetApp.swift; sourceTree = "<group>"; };
		9DCC7D4E28A3E6930073F524 /* ContentView.swift */ = {isa = PBXFileReference; lastKnownFileType = sourcecode.swift; path = ContentView.swift; sourceTree = "<group>"; };
		9DCC7D5028A3E6960073F524 /* Assets.xcassets */ = {isa = PBXFileReference; lastKnownFileType = folder.assetcatalog; path = Assets.xcassets; sourceTree = "<group>"; };
		9DCC7D5328A3E6960073F524 /* Preview Assets.xcassets */ = {isa = PBXFileReference; lastKnownFileType = folder.assetcatalog; path = "Preview Assets.xcassets"; sourceTree = "<group>"; };
		9DCC7D6028A3E9140073F524 /* SuperHero.swift */ = {isa = PBXFileReference; lastKnownFileType = sourcecode.swift; path = SuperHero.swift; sourceTree = "<group>"; };
/* End PBXFileReference section */

/* Begin PBXFrameworksBuildPhase section */
		9DA96B6928A55FEC0000F0E8 /* Frameworks */ = {
			isa = PBXFrameworksBuildPhase;
			buildActionMask = 2147483647;
			files = (
				9DA96B7128A55FEC0000F0E8 /* SwiftUI.framework in Frameworks */,
				9DA96B6F28A55FEC0000F0E8 /* WidgetKit.framework in Frameworks */,
			);
			runOnlyForDeploymentPostprocessing = 0;
		};
		9DCC7D4628A3E6930073F524 /* Frameworks */ = {
			isa = PBXFrameworksBuildPhase;
			buildActionMask = 2147483647;
			files = (
			);
			runOnlyForDeploymentPostprocessing = 0;
		};
/* End PBXFrameworksBuildPhase section */

/* Begin PBXGroup section */
		9DA96B6D28A55FEC0000F0E8 /* Frameworks */ = {
			isa = PBXGroup;
			children = (
				9DA96B6E28A55FEC0000F0E8 /* WidgetKit.framework */,
				9DA96B7028A55FEC0000F0E8 /* SwiftUI.framework */,
			);
			name = Frameworks;
			sourceTree = "<group>";
		};
		9DA96B7228A55FEC0000F0E8 /* HeroWidget */ = {
			isa = PBXGroup;
			children = (
				9DA96B7328A55FEC0000F0E8 /* HeroWidget.swift */,
				9DA96B7528A55FEC0000F0E8 /* HeroWidget.intentdefinition */,
				9DA96B7628A55FEF0000F0E8 /* Assets.xcassets */,
				9DA96B7828A55FEF0000F0E8 /* Info.plist */,
			);
			path = HeroWidget;
			sourceTree = "<group>";
		};
		9DCC7D4028A3E6930073F524 = {
			isa = PBXGroup;
			children = (
				9DA96B8728A565D00000F0E8 /* HeroWidgetExtension.entitlements */,
				9DCC7D4B28A3E6930073F524 /* WidgetGet */,
				9DCC7D4C28A3E6930073F524 /* WidgetGetApp.swift */,
				9DCC7D4E28A3E6930073F524 /* ContentView.swift */,
				9DCC7D5028A3E6960073F524 /* Assets.xcassets */,
				9DCC7D5228A3E6960073F524 /* Preview Content */,
				9DA96B7228A55FEC0000F0E8 /* HeroWidget */,
				9DA96B6D28A55FEC0000F0E8 /* Frameworks */,
				9DCC7D4A28A3E6930073F524 /* Products */,
			);
			sourceTree = "<group>";
		};
		9DCC7D4A28A3E6930073F524 /* Products */ = {
			isa = PBXGroup;
			children = (
				9DCC7D4928A3E6930073F524 /* WidgetGet.app */,
				9DA96B6C28A55FEC0000F0E8 /* HeroWidgetExtension.appex */,
			);
			name = Products;
			sourceTree = "<group>";
		};
		9DCC7D4B28A3E6930073F524 /* WidgetGet */ = {
			isa = PBXGroup;
			children = (
				9DA96B6728A55AF10000F0E8 /* WidgetGet.entitlements */,
			);
			path = WidgetGet;
			sourceTree = "<group>";
		};
		9DCC7D5228A3E6960073F524 /* Preview Content */ = {
			isa = PBXGroup;
			children = (
				9DCC7D6028A3E9140073F524 /* SuperHero.swift */,
				9D4F9B7E28A3ECE10095F9BD /* CircularImageView.swift */,
				9D4F9B8028A3EE550095F9BD /* HeroView.swift */,
				9DCC7D5328A3E6960073F524 /* Preview Assets.xcassets */,
			);
			path = "Preview Content";
			sourceTree = "<group>";
		};
/* End PBXGroup section */

/* Begin PBXNativeTarget section */
		9DA96B6B28A55FEC0000F0E8 /* HeroWidgetExtension */ = {
			isa = PBXNativeTarget;
			buildConfigurationList = 9DA96B7E28A55FEF0000F0E8 /* Build configuration list for PBXNativeTarget "HeroWidgetExtension" */;
			buildPhases = (
				9DA96B6828A55FEC0000F0E8 /* Sources */,
				9DA96B6928A55FEC0000F0E8 /* Frameworks */,
				9DA96B6A28A55FEC0000F0E8 /* Resources */,
			);
			buildRules = (
			);
			dependencies = (
			);
			name = HeroWidgetExtension;
			productName = HeroWidgetExtension;
			productReference = 9DA96B6C28A55FEC0000F0E8 /* HeroWidgetExtension.appex */;
			productType = "com.apple.product-type.app-extension";
		};
		9DCC7D4828A3E6930073F524 /* WidgetGet */ = {
			isa = PBXNativeTarget;
			buildConfigurationList = 9DCC7D5728A3E6960073F524 /* Build configuration list for PBXNativeTarget "WidgetGet" */;
			buildPhases = (
				9DCC7D4528A3E6930073F524 /* Sources */,
				9DCC7D4628A3E6930073F524 /* Frameworks */,
				9DCC7D4728A3E6930073F524 /* Resources */,
				9DA96B8128A55FEF0000F0E8 /* Embed App Extensions */,
			);
			buildRules = (
			);
			dependencies = (
				9DA96B7C28A55FEF0000F0E8 /* PBXTargetDependency */,
			);
			name = WidgetGet;
			productName = WidgetGet;
			productReference = 9DCC7D4928A3E6930073F524 /* WidgetGet.app */;
			productType = "com.apple.product-type.application";
		};
/* End PBXNativeTarget section */

/* Begin PBXProject section */
		9DCC7D4128A3E6930073F524 /* Project object */ = {
			isa = PBXProject;
			attributes = {
				BuildIndependentTargetsInParallel = 1;
				LastSwiftUpdateCheck = 1340;
				LastUpgradeCheck = 1340;
				TargetAttributes = {
					9DA96B6B28A55FEC0000F0E8 = {
						CreatedOnToolsVersion = 13.4.1;
					};
					9DCC7D4828A3E6930073F524 = {
						CreatedOnToolsVersion = 13.4.1;
					};
				};
			};
			buildConfigurationList = 9DCC7D4428A3E6930073F524 /* Build configuration list for PBXProject "WidgetGet" */;
			compatibilityVersion = "Xcode 13.0";
			developmentRegion = en;
			hasScannedForEncodings = 0;
			knownRegions = (
				en,
				Base,
			);
			mainGroup = 9DCC7D4028A3E6930073F524;
			productRefGroup = 9DCC7D4A28A3E6930073F524 /* Products */;
			projectDirPath = "";
			projectRoot = "";
			targets = (
				9DCC7D4828A3E6930073F524 /* WidgetGet */,
				9DA96B6B28A55FEC0000F0E8 /* HeroWidgetExtension */,
			);
		};
/* End PBXProject section */

/* Begin PBXResourcesBuildPhase section */
		9DA96B6A28A55FEC0000F0E8 /* Resources */ = {
			isa = PBXResourcesBuildPhase;
			buildActionMask = 2147483647;
			files = (
				9DA96B8228A5608A0000F0E8 /* Preview Assets.xcassets in Resources */,
				9DA96B8628A5658C0000F0E8 /* Assets.xcassets in Resources */,
				9DA96B7728A55FEF0000F0E8 /* Assets.xcassets in Resources */,
			);
			runOnlyForDeploymentPostprocessing = 0;
		};
		9DCC7D4728A3E6930073F524 /* Resources */ = {
			isa = PBXResourcesBuildPhase;
			buildActionMask = 2147483647;
			files = (
				9DCC7D5428A3E6960073F524 /* Preview Assets.xcassets in Resources */,
				9DCC7D5128A3E6960073F524 /* Assets.xcassets in Resources */,
			);
			runOnlyForDeploymentPostprocessing = 0;
		};
/* End PBXResourcesBuildPhase section */

/* Begin PBXSourcesBuildPhase section */
		9DA96B6828A55FEC0000F0E8 /* Sources */ = {
			isa = PBXSourcesBuildPhase;
			buildActionMask = 2147483647;
			files = (
				9DA96B7928A55FEF0000F0E8 /* HeroWidget.intentdefinition in Sources */,
				9DA96B8428A560B40000F0E8 /* CircularImageView.swift in Sources */,
				9DA96B7428A55FEC0000F0E8 /* HeroWidget.swift in Sources */,
				9DA96B8328A560AE0000F0E8 /* SuperHero.swift in Sources */,
				9DA96B8528A560B70000F0E8 /* HeroView.swift in Sources */,
			);
			runOnlyForDeploymentPostprocessing = 0;
		};
		9DCC7D4528A3E6930073F524 /* Sources */ = {
			isa = PBXSourcesBuildPhase;
			buildActionMask = 2147483647;
			files = (
				9DCC7D4F28A3E6930073F524 /* ContentView.swift in Sources */,
				9D4F9B7F28A3ECE10095F9BD /* CircularImageView.swift in Sources */,
				9DA96B7A28A55FEF0000F0E8 /* HeroWidget.intentdefinition in Sources */,
				9DCC7D4D28A3E6930073F524 /* WidgetGetApp.swift in Sources */,
				9DCC7D6128A3E9140073F524 /* SuperHero.swift in Sources */,
				9D4F9B8128A3EE550095F9BD /* HeroView.swift in Sources */,
			);
			runOnlyForDeploymentPostprocessing = 0;
		};
/* End PBXSourcesBuildPhase section */

/* Begin PBXTargetDependency section */
		9DA96B7C28A55FEF0000F0E8 /* PBXTargetDependency */ = {
			isa = PBXTargetDependency;
			target = 9DA96B6B28A55FEC0000F0E8 /* HeroWidgetExtension */;
			targetProxy = 9DA96B7B28A55FEF0000F0E8 /* PBXContainerItemProxy */;
		};
/* End PBXTargetDependency section */

/* Begin XCBuildConfiguration section */
		9DA96B7F28A55FEF0000F0E8 /* Debug */ = {
			isa = XCBuildConfiguration;
			buildSettings = {
				ASSETCATALOG_COMPILER_GLOBAL_ACCENT_COLOR_NAME = AccentColor;
				ASSETCATALOG_COMPILER_WIDGET_BACKGROUND_COLOR_NAME = WidgetBackground;
				CODE_SIGN_ENTITLEMENTS = HeroWidgetExtension.entitlements;
				CODE_SIGN_STYLE = Automatic;
				CURRENT_PROJECT_VERSION = 1;
				DEVELOPMENT_TEAM = XPV6L933LQ;
				GENERATE_INFOPLIST_FILE = YES;
				INFOPLIST_FILE = HeroWidget/Info.plist;
				INFOPLIST_KEY_CFBundleDisplayName = HeroWidget;
				INFOPLIST_KEY_NSHumanReadableCopyright = "";
				LD_RUNPATH_SEARCH_PATHS = (
					"$(inherited)",
					"@executable_path/Frameworks",
					"@executable_path/../../Frameworks",
				);
				MARKETING_VERSION = 1.0;
				PRODUCT_BUNDLE_IDENTIFIER = seyitihsan.WidgetGet.HeroWidget;
				PRODUCT_NAME = "$(TARGET_NAME)";
				SKIP_INSTALL = YES;
				SWIFT_EMIT_LOC_STRINGS = YES;
				SWIFT_VERSION = 5.0;
				TARGETED_DEVICE_FAMILY = "1,2";
			};
			name = Debug;
		};
		9DA96B8028A55FEF0000F0E8 /* Release */ = {
			isa = XCBuildConfiguration;
			buildSettings = {
				ASSETCATALOG_COMPILER_GLOBAL_ACCENT_COLOR_NAME = AccentColor;
				ASSETCATALOG_COMPILER_WIDGET_BACKGROUND_COLOR_NAME = WidgetBackground;
				CODE_SIGN_ENTITLEMENTS = HeroWidgetExtension.entitlements;
				CODE_SIGN_STYLE = Automatic;
				CURRENT_PROJECT_VERSION = 1;
				DEVELOPMENT_TEAM = XPV6L933LQ;
				GENERATE_INFOPLIST_FILE = YES;
				INFOPLIST_FILE = HeroWidget/Info.plist;
				INFOPLIST_KEY_CFBundleDisplayName = HeroWidget;
				INFOPLIST_KEY_NSHumanReadableCopyright = "";
				LD_RUNPATH_SEARCH_PATHS = (
					"$(inherited)",
					"@executable_path/Frameworks",
					"@executable_path/../../Frameworks",
				);
				MARKETING_VERSION = 1.0;
				PRODUCT_BUNDLE_IDENTIFIER = seyitihsan.WidgetGet.HeroWidget;
				PRODUCT_NAME = "$(TARGET_NAME)";
				SKIP_INSTALL = YES;
				SWIFT_EMIT_LOC_STRINGS = YES;
				SWIFT_VERSION = 5.0;
				TARGETED_DEVICE_FAMILY = "1,2";
			};
			name = Release;
		};
		9DCC7D5528A3E6960073F524 /* Debug */ = {
			isa = XCBuildConfiguration;
			buildSettings = {
				ALWAYS_SEARCH_USER_PATHS = NO;
				CLANG_ANALYZER_NONNULL = YES;
				CLANG_ANALYZER_NUMBER_OBJECT_CONVERSION = YES_AGGRESSIVE;
				CLANG_CXX_LANGUAGE_STANDARD = "gnu++17";
				CLANG_ENABLE_MODULES = YES;
				CLANG_ENABLE_OBJC_ARC = YES;
				CLANG_ENABLE_OBJC_WEAK = YES;
				CLANG_WARN_BLOCK_CAPTURE_AUTORELEASING = YES;
				CLANG_WARN_BOOL_CONVERSION = YES;
				CLANG_WARN_COMMA = YES;
				CLANG_WARN_CONSTANT_CONVERSION = YES;
				CLANG_WARN_DEPRECATED_OBJC_IMPLEMENTATIONS = YES;
				CLANG_WARN_DIRECT_OBJC_ISA_USAGE = YES_ERROR;
				CLANG_WARN_DOCUMENTATION_COMMENTS = YES;
				CLANG_WARN_EMPTY_BODY = YES;
				CLANG_WARN_ENUM_CONVERSION = YES;
				CLANG_WARN_INFINITE_RECURSION = YES;
				CLANG_WARN_INT_CONVERSION = YES;
				CLANG_WARN_NON_LITERAL_NULL_CONVERSION = YES;
				CLANG_WARN_OBJC_IMPLICIT_RETAIN_SELF = YES;
				CLANG_WARN_OBJC_LITERAL_CONVERSION = YES;
				CLANG_WARN_OBJC_ROOT_CLASS = YES_ERROR;
				CLANG_WARN_QUOTED_INCLUDE_IN_FRAMEWORK_HEADER = YES;
				CLANG_WARN_RANGE_LOOP_ANALYSIS = YES;
				CLANG_WARN_STRICT_PROTOTYPES = YES;
				CLANG_WARN_SUSPICIOUS_MOVE = YES;
				CLANG_WARN_UNGUARDED_AVAILABILITY = YES_AGGRESSIVE;
				CLANG_WARN_UNREACHABLE_CODE = YES;
				CLANG_WARN__DUPLICATE_METHOD_MATCH = YES;
				COPY_PHASE_STRIP = NO;
				DEBUG_INFORMATION_FORMAT = dwarf;
				ENABLE_STRICT_OBJC_MSGSEND = YES;
				ENABLE_TESTABILITY = YES;
				GCC_C_LANGUAGE_STANDARD = gnu11;
				GCC_DYNAMIC_NO_PIC = NO;
				GCC_NO_COMMON_BLOCKS = YES;
				GCC_OPTIMIZATION_LEVEL = 0;
				GCC_PREPROCESSOR_DEFINITIONS = (
					"DEBUG=1",
					"$(inherited)",
				);
				GCC_WARN_64_TO_32_BIT_CONVERSION = YES;
				GCC_WARN_ABOUT_RETURN_TYPE = YES_ERROR;
				GCC_WARN_UNDECLARED_SELECTOR = YES;
				GCC_WARN_UNINITIALIZED_AUTOS = YES_AGGRESSIVE;
				GCC_WARN_UNUSED_FUNCTION = YES;
				GCC_WARN_UNUSED_VARIABLE = YES;
				IPHONEOS_DEPLOYMENT_TARGET = 15.5;
				MTL_ENABLE_DEBUG_INFO = INCLUDE_SOURCE;
				MTL_FAST_MATH = YES;
				ONLY_ACTIVE_ARCH = YES;
				SDKROOT = iphoneos;
				SWIFT_ACTIVE_COMPILATION_CONDITIONS = DEBUG;
				SWIFT_OPTIMIZATION_LEVEL = "-Onone";
			};
			name = Debug;
		};
		9DCC7D5628A3E6960073F524 /* Release */ = {
			isa = XCBuildConfiguration;
			buildSettings = {
				ALWAYS_SEARCH_USER_PATHS = NO;
				CLANG_ANALYZER_NONNULL = YES;
				CLANG_ANALYZER_NUMBER_OBJECT_CONVERSION = YES_AGGRESSIVE;
				CLANG_CXX_LANGUAGE_STANDARD = "gnu++17";
				CLANG_ENABLE_MODULES = YES;
				CLANG_ENABLE_OBJC_ARC = YES;
				CLANG_ENABLE_OBJC_WEAK = YES;
				CLANG_WARN_BLOCK_CAPTURE_AUTORELEASING = YES;
				CLANG_WARN_BOOL_CONVERSION = YES;
				CLANG_WARN_COMMA = YES;
				CLANG_WARN_CONSTANT_CONVERSION = YES;
				CLANG_WARN_DEPRECATED_OBJC_IMPLEMENTATIONS = YES;
				CLANG_WARN_DIRECT_OBJC_ISA_USAGE = YES_ERROR;
				CLANG_WARN_DOCUMENTATION_COMMENTS = YES;
				CLANG_WARN_EMPTY_BODY = YES;
				CLANG_WARN_ENUM_CONVERSION = YES;
				CLANG_WARN_INFINITE_RECURSION = YES;
				CLANG_WARN_INT_CONVERSION = YES;
				CLANG_WARN_NON_LITERAL_NULL_CONVERSION = YES;
				CLANG_WARN_OBJC_IMPLICIT_RETAIN_SELF = YES;
				CLANG_WARN_OBJC_LITERAL_CONVERSION = YES;
				CLANG_WARN_OBJC_ROOT_CLASS = YES_ERROR;
				CLANG_WARN_QUOTED_INCLUDE_IN_FRAMEWORK_HEADER = YES;
				CLANG_WARN_RANGE_LOOP_ANALYSIS = YES;
				CLANG_WARN_STRICT_PROTOTYPES = YES;
				CLANG_WARN_SUSPICIOUS_MOVE = YES;
				CLANG_WARN_UNGUARDED_AVAILABILITY = YES_AGGRESSIVE;
				CLANG_WARN_UNREACHABLE_CODE = YES;
				CLANG_WARN__DUPLICATE_METHOD_MATCH = YES;
				COPY_PHASE_STRIP = NO;
				DEBUG_INFORMATION_FORMAT = "dwarf-with-dsym";
				ENABLE_NS_ASSERTIONS = NO;
				ENABLE_STRICT_OBJC_MSGSEND = YES;
				GCC_C_LANGUAGE_STANDARD = gnu11;
				GCC_NO_COMMON_BLOCKS = YES;
				GCC_WARN_64_TO_32_BIT_CONVERSION = YES;
				GCC_WARN_ABOUT_RETURN_TYPE = YES_ERROR;
				GCC_WARN_UNDECLARED_SELECTOR = YES;
				GCC_WARN_UNINITIALIZED_AUTOS = YES_AGGRESSIVE;
				GCC_WARN_UNUSED_FUNCTION = YES;
				GCC_WARN_UNUSED_VARIABLE = YES;
				IPHONEOS_DEPLOYMENT_TARGET = 15.5;
				MTL_ENABLE_DEBUG_INFO = NO;
				MTL_FAST_MATH = YES;
				SDKROOT = iphoneos;
				SWIFT_COMPILATION_MODE = wholemodule;
				SWIFT_OPTIMIZATION_LEVEL = "-O";
				VALIDATE_PRODUCT = YES;
			};
			name = Release;
		};
		9DCC7D5828A3E6960073F524 /* Debug */ = {
			isa = XCBuildConfiguration;
			buildSettings = {
				ALWAYS_EMBED_SWIFT_STANDARD_LIBRARIES = YES;
				ASSETCATALOG_COMPILER_APPICON_NAME = AppIcon;
				ASSETCATALOG_COMPILER_GLOBAL_ACCENT_COLOR_NAME = AccentColor;
				CODE_SIGN_ENTITLEMENTS = WidgetGet/WidgetGet.entitlements;
				CODE_SIGN_STYLE = Automatic;
				CURRENT_PROJECT_VERSION = 1;
				DEVELOPMENT_TEAM = XPV6L933LQ;
				ENABLE_PREVIEWS = YES;
				GENERATE_INFOPLIST_FILE = YES;
				INFOPLIST_KEY_UIApplicationSceneManifest_Generation = YES;
				INFOPLIST_KEY_UIApplicationSupportsIndirectInputEvents = YES;
				INFOPLIST_KEY_UILaunchScreen_Generation = YES;
				INFOPLIST_KEY_UISupportedInterfaceOrientations_iPad = "UIInterfaceOrientationPortrait UIInterfaceOrientationPortraitUpsideDown UIInterfaceOrientationLandscapeLeft UIInterfaceOrientationLandscapeRight";
				INFOPLIST_KEY_UISupportedInterfaceOrientations_iPhone = "UIInterfaceOrientationPortrait UIInterfaceOrientationLandscapeLeft UIInterfaceOrientationLandscapeRight";
				LD_RUNPATH_SEARCH_PATHS = (
					"$(inherited)",
					"@executable_path/Frameworks",
				);
				MARKETING_VERSION = 1.0;
				PRODUCT_BUNDLE_IDENTIFIER = seyitihsan.WidgetGet;
				PRODUCT_NAME = "$(TARGET_NAME)";
				SWIFT_EMIT_LOC_STRINGS = YES;
				SWIFT_VERSION = 5.0;
				TARGETED_DEVICE_FAMILY = "1,2";
			};
			name = Debug;
		};
		9DCC7D5928A3E6960073F524 /* Release */ = {
			isa = XCBuildConfiguration;
			buildSettings = {
				ALWAYS_EMBED_SWIFT_STANDARD_LIBRARIES = YES;
				ASSETCATALOG_COMPILER_APPICON_NAME = AppIcon;
				ASSETCATALOG_COMPILER_GLOBAL_ACCENT_COLOR_NAME = AccentColor;
				CODE_SIGN_ENTITLEMENTS = WidgetGet/WidgetGet.entitlements;
				CODE_SIGN_STYLE = Automatic;
				CURRENT_PROJECT_VERSION = 1;
				DEVELOPMENT_TEAM = XPV6L933LQ;
				ENABLE_PREVIEWS = YES;
				GENERATE_INFOPLIST_FILE = YES;
				INFOPLIST_KEY_UIApplicationSceneManifest_Generation = YES;
				INFOPLIST_KEY_UIApplicationSupportsIndirectInputEvents = YES;
				INFOPLIST_KEY_UILaunchScreen_Generation = YES;
				INFOPLIST_KEY_UISupportedInterfaceOrientations_iPad = "UIInterfaceOrientationPortrait UIInterfaceOrientationPortraitUpsideDown UIInterfaceOrientationLandscapeLeft UIInterfaceOrientationLandscapeRight";
				INFOPLIST_KEY_UISupportedInterfaceOrientations_iPhone = "UIInterfaceOrientationPortrait UIInterfaceOrientationLandscapeLeft UIInterfaceOrientationLandscapeRight";
				LD_RUNPATH_SEARCH_PATHS = (
					"$(inherited)",
					"@executable_path/Frameworks",
				);
				MARKETING_VERSION = 1.0;
				PRODUCT_BUNDLE_IDENTIFIER = seyitihsan.WidgetGet;
				PRODUCT_NAME = "$(TARGET_NAME)";
				SWIFT_EMIT_LOC_STRINGS = YES;
				SWIFT_VERSION = 5.0;
				TARGETED_DEVICE_FAMILY = "1,2";
			};
			name = Release;
		};
/* End XCBuildConfiguration section */

/* Begin XCConfigurationList section */
		9DA96B7E28A55FEF0000F0E8 /* Build configuration list for PBXNativeTarget "HeroWidgetExtension" */ = {
			isa = XCConfigurationList;
			buildConfigurations = (
				9DA96B7F28A55FEF0000F0E8 /* Debug */,
				9DA96B8028A55FEF0000F0E8 /* Release */,
			);
			defaultConfigurationIsVisible = 0;
			defaultConfigurationName = Release;
		};
		9DCC7D4428A3E6930073F524 /* Build configuration list for PBXProject "WidgetGet" */ = {
			isa = XCConfigurationList;
			buildConfigurations = (
				9DCC7D5528A3E6960073F524 /* Debug */,
				9DCC7D5628A3E6960073F524 /* Release */,
			);
			defaultConfigurationIsVisible = 0;
			defaultConfigurationName = Release;
		};
		9DCC7D5728A3E6960073F524 /* Build configuration list for PBXNativeTarget "WidgetGet" */ = {
			isa = XCConfigurationList;
			buildConfigurations = (
				9DCC7D5828A3E6960073F524 /* Debug */,
				9DCC7D5928A3E6960073F524 /* Release */,
			);
			defaultConfigurationIsVisible = 0;
			defaultConfigurationName = Release;
		};
/* End XCConfigurationList section */
	};
	rootObject = 9DCC7D4128A3E6930073F524 /* Project object */;
}
